
Microsoft Visual Studio Solution File, Format Version 12.00
# Visual Studio 15
VisualStudioVersion = 15.0.28307.572
MinimumVisualStudioVersion = 10.0.40219.1
Project("{FAE04EC0-301F-11D3-BF4B-00C04F79EFBC}") = "OrderManagement", "OrderManagement\OrderManagement.csproj", "{898FD678-D379-4A21-9C40-F8E0A7D7FF86}"
EndProject
Global
	GlobalSection(SolutionConfigurationPlatforms) = preSolution
		Debug|Any CPU = Debug|Any CPU
		Release|Any CPU = Release|Any CPU
	EndGlobalSection
	GlobalSection(ProjectConfigurationPlatforms) = postSolution
		{898FD678-D379-4A21-9C40-F8E0A7D7FF86}.Debug|Any CPU.ActiveCfg = Debug|Any CPU
		{898FD678-D379-4A21-9C40-F8E0A7D7FF86}.Debug|Any CPU.Build.0 = Debug|Any CPU
		{898FD678-D379-4A21-9C40-F8E0A7D7FF86}.Release|Any CPU.ActiveCfg = Release|Any CPU
		{898FD678-D379-4A21-9C40-F8E0A7D7FF86}.Release|Any CPU.Build.0 = Release|Any CPU
	EndGlobalSection
	GlobalSection(SolutionProperties) = preSolution
		HideSolutionNode = FALSE
	EndGlobalSection
	GlobalSection(ExtensibilityGlobals) = postSolution
		SolutionGuid = {0B913EB4-75C5-4E15-9C9D-20C5D1AFB573}
	EndGlobalSection
EndGlobal
